
Microsoft Visual Studio Solution File, Format Version 12.00
# Visual Studio Version 16
VisualStudioVersion = 16.0.32002.261
MinimumVisualStudioVersion = 10.0.40219.1
Project("{FAE04EC0-301F-11D3-BF4B-00C04F79EFBC}") = "WebSocket", "WebSocket\WebSocket.csproj", "{34A98BCF-6ECB-41F1-8AA7-A367B685FA23}"
EndProject
Global
	GlobalSection(SolutionConfigurationPlatforms) = preSolution
		Debug|Any CPU = Debug|Any CPU
		Release|Any CPU = Release|Any CPU
	EndGlobalSection
	GlobalSection(ProjectConfigurationPlatforms) = postSolution
		{34A98BCF-6ECB-41F1-8AA7-A367B685FA23}.Debug|Any CPU.ActiveCfg = Debug|Any CPU
		{34A98BCF-6ECB-41F1-8AA7-A367B685FA23}.Debug|Any CPU.Build.0 = Debug|Any CPU
		{34A98BCF-6ECB-41F1-8AA7-A367B685FA23}.Release|Any CPU.ActiveCfg = Release|Any CPU
		{34A98BCF-6ECB-41F1-8AA7-A367B685FA23}.Release|Any CPU.Build.0 = Release|Any CPU
	EndGlobalSection
	GlobalSection(SolutionProperties) = preSolution
		HideSolutionNode = FALSE
	EndGlobalSection
	GlobalSection(ExtensibilityGlobals) = postSolution
		SolutionGuid = {C06424DA-DE0B-4EB8-854E-59E487FD9D67}
	EndGlobalSection
EndGlobal
